
Microsoft Visual Studio Solution File, Format Version 12.00
# Visual Studio Version 17
VisualStudioVersion = 17.13.35919.96
MinimumVisualStudioVersion = 10.0.40219.1
Project("{FAE04EC0-301F-11D3-BF4B-00C04F79EFBC}") = "MusicalTiles", "MusicalTiles\MusicalTiles.csproj", "{97FCE7F8-56DD-4486-B7DA-68376EFF2252}"
EndProject
Project("{FAE04EC0-301F-11D3-BF4B-00C04F79EFBC}") = "Logic", "Base\Logic.csproj", "{51DE39E1-C61B-448B-A808-6463BBBC60F9}"
EndProject
Global
	GlobalSection(SolutionConfigurationPlatforms) = preSolution
		Debug|Any CPU = Debug|Any CPU
		Release|Any CPU = Release|Any CPU
	EndGlobalSection
	GlobalSection(ProjectConfigurationPlatforms) = postSolution
		{97FCE7F8-56DD-4486-B7DA-68376EFF2252}.Debug|Any CPU.ActiveCfg = Debug|Any CPU
		{97FCE7F8-56DD-4486-B7DA-68376EFF2252}.Debug|Any CPU.Build.0 = Debug|Any CPU
		{97FCE7F8-56DD-4486-B7DA-68376EFF2252}.Release|Any CPU.ActiveCfg = Release|Any CPU
		{97FCE7F8-56DD-4486-B7DA-68376EFF2252}.Release|Any CPU.Build.0 = Release|Any CPU
		{51DE39E1-C61B-448B-A808-6463BBBC60F9}.Debug|Any CPU.ActiveCfg = Debug|Any CPU
		{51DE39E1-C61B-448B-A808-6463BBBC60F9}.Debug|Any CPU.Build.0 = Debug|Any CPU
		{51DE39E1-C61B-448B-A808-6463BBBC60F9}.Release|Any CPU.ActiveCfg = Release|Any CPU
		{51DE39E1-C61B-448B-A808-6463BBBC60F9}.Release|Any CPU.Build.0 = Release|Any CPU
	EndGlobalSection
	GlobalSection(SolutionProperties) = preSolution
		HideSolutionNode = FALSE
	EndGlobalSection
	GlobalSection(ExtensibilityGlobals) = postSolution
		SolutionGuid = {81919025-7754-443B-8E7E-3DB870AD65CB}
	EndGlobalSection
EndGlobal
